// !$*UTF8*$!
{
	archiveVersion = 1;
	classes = {
	};
	objectVersion = 48;
	objects = {

/* Begin PBXBuildFile section */
		D678B0F91F7C329F00E79A50 /* AppDelegate.swift in Sources */ = {isa = PBXBuildFile; fileRef = D678B0F81F7C329F00E79A50 /* AppDelegate.swift */; };
		D678B0FE1F7C329F00E79A50 /* Main.storyboard in Resources */ = {isa = PBXBuildFile; fileRef = D678B0FC1F7C329F00E79A50 /* Main.storyboard */; };
		D678B1001F7C329F00E79A50 /* Assets.xcassets in Resources */ = {isa = PBXBuildFile; fileRef = D678B0FF1F7C329F00E79A50 /* Assets.xcassets */; };
		D678B1031F7C329F00E79A50 /* LaunchScreen.storyboard in Resources */ = {isa = PBXBuildFile; fileRef = D678B1011F7C329F00E79A50 /* LaunchScreen.storyboard */; };
		D678B10B1F7C352A00E79A50 /* CustomTableViewCell.swift in Sources */ = {isa = PBXBuildFile; fileRef = D678B10A1F7C352A00E79A50 /* CustomTableViewCell.swift */; };
		D678B10D1F7C357D00E79A50 /* MainTableViewController.swift in Sources */ = {isa = PBXBuildFile; fileRef = D678B10C1F7C357D00E79A50 /* MainTableViewController.swift */; };
/* End PBXBuildFile section */

/* Begin PBXFileReference section */
		D678B0F51F7C329F00E79A50 /* StreachableTableViewHeader.app */ = {isa = PBXFileReference; explicitFileType = wrapper.application; includeInIndex = 0; path = StreachableTableViewHeader.app; sourceTree = BUILT_PRODUCTS_DIR; };
		D678B0F81F7C329F00E79A50 /* AppDelegate.swift */ = {isa = PBXFileReference; lastKnownFileType = sourcecode.swift; path = AppDelegate.swift; sourceTree = "<group>"; };
		D678B0FD1F7C329F00E79A50 /* Base */ = {isa = PBXFileReference; lastKnownFileType = file.storyboard; name = Base; path = Base.lproj/Main.storyboard; sourceTree = "<group>"; };
		D678B0FF1F7C329F00E79A50 /* Assets.xcassets */ = {isa = PBXFileReference; lastKnownFileType = folder.assetcatalog; path = Assets.xcassets; sourceTree = "<group>"; };
		D678B1021F7C329F00E79A50 /* Base */ = {isa = PBXFileReference; lastKnownFileType = file.storyboard; name = Base; path = Base.lproj/LaunchScreen.storyboard; sourceTree = "<group>"; };
		D678B1041F7C329F00E79A50 /* Info.plist */ = {isa = PBXFileReference; lastKnownFileType = text.plist.xml; path = Info.plist; sourceTree = "<group>"; };
		D678B10A1F7C352A00E79A50 /* CustomTableViewCell.swift */ = {isa = PBXFileReference; lastKnownFileType = sourcecode.swift; path = CustomTableViewCell.swift; sourceTree = "<group>"; };
		D678B10C1F7C357D00E79A50 /* MainTableViewController.swift */ = {isa = PBXFileReference; lastKnownFileType = sourcecode.swift; path = MainTableViewController.swift; sourceTree = "<group>"; };
/* End PBXFileReference section */

/* Begin PBXFrameworksBuildPhase section */
		D678B0F21F7C329F00E79A50 /* Frameworks */ = {
			isa = PBXFrameworksBuildPhase;
			buildActionMask = 2147483647;
			files = (
			);
			runOnlyForDeploymentPostprocessing = 0;
		};
/* End PBXFrameworksBuildPhase section */

/* Begin PBXGroup section */
		D678B0EC1F7C329F00E79A50 = {
			isa = PBXGroup;
			children = (
				D678B0F71F7C329F00E79A50 /* StreachableTableViewHeader */,
				D678B0F61F7C329F00E79A50 /* Products */,
			);
			sourceTree = "<group>";
		};
		D678B0F61F7C329F00E79A50 /* Products */ = {
			isa = PBXGroup;
			children = (
				D678B0F51F7C329F00E79A50 /* StreachableTableViewHeader.app */,
			);
			name = Products;
			sourceTree = "<group>";
		};
		D678B0F71F7C329F00E79A50 /* StreachableTableViewHeader */ = {
			isa = PBXGroup;
			children = (
				D678B0F81F7C329F00E79A50 /* AppDelegate.swift */,
				D678B10C1F7C357D00E79A50 /* MainTableViewController.swift */,
				D678B10A1F7C352A00E79A50 /* CustomTableViewCell.swift */,
				D678B0FC1F7C329F00E79A50 /* Main.storyboard */,
				D678B0FF1F7C329F00E79A50 /* Assets.xcassets */,
				D678B1011F7C329F00E79A50 /* LaunchScreen.storyboard */,
				D678B1041F7C329F00E79A50 /* Info.plist */,
			);
			path = StreachableTableViewHeader;
			sourceTree = "<group>";
		};
/* End PBXGroup section */

/* Begin PBXNativeTarget section */
		D678B0F41F7C329F00E79A50 /* StreachableTableViewHeader */ = {
			isa = PBXNativeTarget;
			buildConfigurationList = D678B1071F7C329F00E79A50 /* Build configuration list for PBXNativeTarget "StreachableTableViewHeader" */;
			buildPhases = (
				D678B0F11F7C329F00E79A50 /* Sources */,
				D678B0F21F7C329F00E79A50 /* Frameworks */,
				D678B0F31F7C329F00E79A50 /* Resources */,
			);
			buildRules = (
			);
			dependencies = (
			);
			name = StreachableTableViewHeader;
			productName = StreachableTableViewHeader;
			productReference = D678B0F51F7C329F00E79A50 /* StreachableTableViewHeader.app */;
			productType = "com.apple.product-type.application";
		};
/* End PBXNativeTarget section */

/* Begin PBXProject section */
		D678B0ED1F7C329F00E79A50 /* Project object */ = {
			isa = PBXProject;
			attributes = {
				LastSwiftUpdateCheck = 0900;
				LastUpgradeCheck = 0900;
				ORGANIZATIONNAME = "Eugene Mekhedov";
				TargetAttributes = {
					D678B0F41F7C329F00E79A50 = {
						CreatedOnToolsVersion = 9.0;
						ProvisioningStyle = Automatic;
					};
				};
			};
			buildConfigurationList = D678B0F01F7C329F00E79A50 /* Build configuration list for PBXProject "StreachableTableViewHeader" */;
			compatibilityVersion = "Xcode 8.0";
			developmentRegion = en;
			hasScannedForEncodings = 0;
			knownRegions = (
				en,
				Base,
			);
			mainGroup = D678B0EC1F7C329F00E79A50;
			productRefGroup = D678B0F61F7C329F00E79A50 /* Products */;
			projectDirPath = "";
			projectRoot = "";
			targets = (
				D678B0F41F7C329F00E79A50 /* StreachableTableViewHeader */,
			);
		};
/* End PBXProject section */

/* Begin PBXResourcesBuildPhase section */
		D678B0F31F7C329F00E79A50 /* Resources */ = {
			isa = PBXResourcesBuildPhase;
			buildActionMask = 2147483647;
			files = (
				D678B1031F7C329F00E79A50 /* LaunchScreen.storyboard in Resources */,
				D678B1001F7C329F00E79A50 /* Assets.xcassets in Resources */,
				D678B0FE1F7C329F00E79A50 /* Main.storyboard in Resources */,
			);
			runOnlyForDeploymentPostprocessing = 0;
		};
/* End PBXResourcesBuildPhase section */

/* Begin PBXSourcesBuildPhase section */
		D678B0F11F7C329F00E79A50 /* Sources */ = {
			isa = PBXSourcesBuildPhase;
			buildActionMask = 2147483647;
			files = (
				D678B10B1F7C352A00E79A50 /* CustomTableViewCell.swift in Sources */,
				D678B10D1F7C357D00E79A50 /* MainTableViewController.swift in Sources */,
				D678B0F91F7C329F00E79A50 /* AppDelegate.swift in Sources */,
			);
			runOnlyForDeploymentPostprocessing = 0;
		};
/* End PBXSourcesBuildPhase section */

/* Begin PBXVariantGroup section */
		D678B0FC1F7C329F00E79A50 /* Main.storyboard */ = {
			isa = PBXVariantGroup;
			children = (
				D678B0FD1F7C329F00E79A50 /* Base */,
			);
			name = Main.storyboard;
			sourceTree = "<group>";
		};
		D678B1011F7C329F00E79A50 /* LaunchScreen.storyboard */ = {
			isa = PBXVariantGroup;
			children = (
				D678B1021F7C329F00E79A50 /* Base */,
			);
			name = LaunchScreen.storyboard;
			sourceTree = "<group>";
		};
/* End PBXVariantGroup section */

/* Begin XCBuildConfiguration section */
		D678B1051F7C329F00E79A50 /* Debug */ = {
			isa = XCBuildConfiguration;
			buildSettings = {
				ALWAYS_SEARCH_USER_PATHS = NO;
				CLANG_ANALYZER_NONNULL = YES;
				CLANG_ANALYZER_NUMBER_OBJECT_CONVERSION = YES_AGGRESSIVE;
				CLANG_CXX_LANGUAGE_STANDARD = "gnu++14";
				CLANG_CXX_LIBRARY = "libc++";
				CLANG_ENABLE_MODULES = YES;
				CLANG_ENABLE_OBJC_ARC = YES;
				CLANG_WARN_BLOCK_CAPTURE_AUTORELEASING = YES;
				CLANG_WARN_BOOL_CONVERSION = YES;
				CLANG_WARN_COMMA = YES;
				CLANG_WARN_CONSTANT_CONVERSION = YES;
				CLANG_WARN_DIRECT_OBJC_ISA_USAGE = YES_ERROR;
				CLANG_WARN_DOCUMENTATION_COMMENTS = YES;
				CLANG_WARN_EMPTY_BODY = YES;
				CLANG_WARN_ENUM_CONVERSION = YES;
				CLANG_WARN_INFINITE_RECURSION = YES;
				CLANG_WARN_INT_CONVERSION = YES;
				CLANG_WARN_NON_LITERAL_NULL_CONVERSION = YES;
				CLANG_WARN_OBJC_LITERAL_CONVERSION = YES;
				CLANG_WARN_OBJC_ROOT_CLASS = YES_ERROR;
				CLANG_WARN_RANGE_LOOP_ANALYSIS = YES;
				CLANG_WARN_STRICT_PROTOTYPES = YES;
				CLANG_WARN_SUSPICIOUS_MOVE = YES;
				CLANG_WARN_UNGUARDED_AVAILABILITY = YES_AGGRESSIVE;
				CLANG_WARN_UNREACHABLE_CODE = YES;
				CLANG_WARN__DUPLICATE_METHOD_MATCH = YES;
				CODE_SIGN_IDENTITY = "iPhone Developer";
				COPY_PHASE_STRIP = NO;
				DEBUG_INFORMATION_FORMAT = dwarf;
				ENABLE_STRICT_OBJC_MSGSEND = YES;
				ENABLE_TESTABILITY = YES;
				GCC_C_LANGUAGE_STANDARD = gnu11;
				GCC_DYNAMIC_NO_PIC = NO;
				GCC_NO_COMMON_BLOCKS = YES;
				GCC_OPTIMIZATION_LEVEL = 0;
				GCC_PREPROCESSOR_DEFINITIONS = (
					"DEBUG=1",
					"$(inherited)",
				);
				GCC_WARN_64_TO_32_BIT_CONVERSION = YES;
				GCC_WARN_ABOUT_RETURN_TYPE = YES_ERROR;
				GCC_WARN_UNDECLARED_SELECTOR = YES;
				GCC_WARN_UNINITIALIZED_AUTOS = YES_AGGRESSIVE;
				GCC_WARN_UNUSED_FUNCTION = YES;
				GCC_WARN_UNUSED_VARIABLE = YES;
				IPHONEOS_DEPLOYMENT_TARGET = 11.0;
				MTL_ENABLE_DEBUG_INFO = YES;
				ONLY_ACTIVE_ARCH = YES;
				SDKROOT = iphoneos;
				SWIFT_ACTIVE_COMPILATION_CONDITIONS = DEBUG;
				SWIFT_OPTIMIZATION_LEVEL = "-Onone";
			};
			name = Debug;
		};
		D678B1061F7C329F00E79A50 /* Release */ = {
			isa = XCBuildConfiguration;
			buildSettings = {
				ALWAYS_SEARCH_USER_PATHS = NO;
				CLANG_ANALYZER_NONNULL = YES;
				CLANG_ANALYZER_NUMBER_OBJECT_CONVERSION = YES_AGGRESSIVE;
				CLANG_CXX_LANGUAGE_STANDARD = "gnu++14";
				CLANG_CXX_LIBRARY = "libc++";
				CLANG_ENABLE_MODULES = YES;
				CLANG_ENABLE_OBJC_ARC = YES;
				CLANG_WARN_BLOCK_CAPTURE_AUTORELEASING = YES;
				CLANG_WARN_BOOL_CONVERSION = YES;
				CLANG_WARN_COMMA = YES;
				CLANG_WARN_CONSTANT_CONVERSION = YES;
				CLANG_WARN_DIRECT_OBJC_ISA_USAGE = YES_ERROR;
				CLANG_WARN_DOCUMENTATION_COMMENTS = YES;
				CLANG_WARN_EMPTY_BODY = YES;
				CLANG_WARN_ENUM_CONVERSION = YES;
				CLANG_WARN_INFINITE_RECURSION = YES;
				CLANG_WARN_INT_CONVERSION = YES;
				CLANG_WARN_NON_LITERAL_NULL_CONVERSION = YES;
				CLANG_WARN_OBJC_LITERAL_CONVERSION = YES;
				CLANG_WARN_OBJC_ROOT_CLASS = YES_ERROR;
				CLANG_WARN_RANGE_LOOP_ANALYSIS = YES;
				CLANG_WARN_STRICT_PROTOTYPES = YES;
				CLANG_WARN_SUSPICIOUS_MOVE = YES;
				CLANG_WARN_UNGUARDED_AVAILABILITY = YES_AGGRESSIVE;
				CLANG_WARN_UNREACHABLE_CODE = YES;
				CLANG_WARN__DUPLICATE_METHOD_MATCH = YES;
				CODE_SIGN_IDENTITY = "iPhone Developer";
				COPY_PHASE_STRIP = NO;
				DEBUG_INFORMATION_FORMAT = "dwarf-with-dsym";
				ENABLE_NS_ASSERTIONS = NO;
				ENABLE_STRICT_OBJC_MSGSEND = YES;
				GCC_C_LANGUAGE_STANDARD = gnu11;
				GCC_NO_COMMON_BLOCKS = YES;
				GCC_WARN_64_TO_32_BIT_CONVERSION = YES;
				GCC_WARN_ABOUT_RETURN_TYPE = YES_ERROR;
				GCC_WARN_UNDECLARED_SELECTOR = YES;
				GCC_WARN_UNINITIALIZED_AUTOS = YES_AGGRESSIVE;
				GCC_WARN_UNUSED_FUNCTION = YES;
				GCC_WARN_UNUSED_VARIABLE = YES;
				IPHONEOS_DEPLOYMENT_TARGET = 11.0;
				MTL_ENABLE_DEBUG_INFO = NO;
				SDKROOT = iphoneos;
				SWIFT_OPTIMIZATION_LEVEL = "-Owholemodule";
				VALIDATE_PRODUCT = YES;
			};
			name = Release;
		};
		D678B1081F7C329F00E79A50 /* Debug */ = {
			isa = XCBuildConfiguration;
			buildSettings = {
				ASSETCATALOG_COMPILER_APPICON_NAME = AppIcon;
				CODE_SIGN_STYLE = Automatic;
				INFOPLIST_FILE = StreachableTableViewHeader/Info.plist;
				LD_RUNPATH_SEARCH_PATHS = "$(inherited) @executable_path/Frameworks";
				PRODUCT_BUNDLE_IDENTIFIER = com.ATOM.StreachableTableViewHeader;
				PRODUCT_NAME = "$(TARGET_NAME)";
				SWIFT_VERSION = 4.0;
				TARGETED_DEVICE_FAMILY = "1,2";
			};
			name = Debug;
		};
		D678B1091F7C329F00E79A50 /* Release */ = {
			isa = XCBuildConfiguration;
			buildSettings = {
				ASSETCATALOG_COMPILER_APPICON_NAME = AppIcon;
				CODE_SIGN_STYLE = Automatic;
				INFOPLIST_FILE = StreachableTableViewHeader/Info.plist;
				LD_RUNPATH_SEARCH_PATHS = "$(inherited) @executable_path/Frameworks";
				PRODUCT_BUNDLE_IDENTIFIER = com.ATOM.StreachableTableViewHeader;
				PRODUCT_NAME = "$(TARGET_NAME)";
				SWIFT_VERSION = 4.0;
				TARGETED_DEVICE_FAMILY = "1,2";
			};
			name = Release;
		};
/* End XCBuildConfiguration section */

/* Begin XCConfigurationList section */
		D678B0F01F7C329F00E79A50 /* Build configuration list for PBXProject "StreachableTableViewHeader" */ = {
			isa = XCConfigurationList;
			buildConfigurations = (
				D678B1051F7C329F00E79A50 /* Debug */,
				D678B1061F7C329F00E79A50 /* Release */,
			);
			defaultConfigurationIsVisible = 0;
			defaultConfigurationName = Release;
		};
		D678B1071F7C329F00E79A50 /* Build configuration list for PBXNativeTarget "StreachableTableViewHeader" */ = {
			isa = XCConfigurationList;
			buildConfigurations = (
				D678B1081F7C329F00E79A50 /* Debug */,
				D678B1091F7C329F00E79A50 /* Release */,
			);
			defaultConfigurationIsVisible = 0;
			defaultConfigurationName = Release;
		};
/* End XCConfigurationList section */
	};
	rootObject = D678B0ED1F7C329F00E79A50 /* Project object */;
}
